
Microsoft Visual Studio Solution File, Format Version 12.00
# Visual Studio Version 16
VisualStudioVersion = 16.0.30717.126
MinimumVisualStudioVersion = 10.0.40219.1
Project("{FAE04EC0-301F-11D3-BF4B-00C04F79EFBC}") = "Ps122019-server", "Ps122019-server\Ps122019-server.csproj", "{7CBD564B-D503-4171-9345-17ABFB501934}"
EndProject
Global
	GlobalSection(SolutionConfigurationPlatforms) = preSolution
		Debug|Any CPU = Debug|Any CPU
		Release|Any CPU = Release|Any CPU
	EndGlobalSection
	GlobalSection(ProjectConfigurationPlatforms) = postSolution
		{7CBD564B-D503-4171-9345-17ABFB501934}.Debug|Any CPU.ActiveCfg = Debug|Any CPU
		{7CBD564B-D503-4171-9345-17ABFB501934}.Debug|Any CPU.Build.0 = Debug|Any CPU
		{7CBD564B-D503-4171-9345-17ABFB501934}.Release|Any CPU.ActiveCfg = Release|Any CPU
		{7CBD564B-D503-4171-9345-17ABFB501934}.Release|Any CPU.Build.0 = Release|Any CPU
	EndGlobalSection
	GlobalSection(SolutionProperties) = preSolution
		HideSolutionNode = FALSE
	EndGlobalSection
	GlobalSection(ExtensibilityGlobals) = postSolution
		SolutionGuid = {04CDCCC4-D15D-4B62-B741-9FB104C27918}
	EndGlobalSection
EndGlobal
